{
  "name": "noticias",
  "version": "0.0.1",
  "lockfileVersion": 3,
  "requires": true,
  "packages": {
    "": {
      "name": "noticias",
      "version": "0.0.1",
      "dependencies": {
        "@angular/animations": "^17.0.2",
        "@angular/common": "^17.0.2",
        "@angular/compiler": "^17.0.2",
        "@angular/core": "^17.0.2",
        "@angular/forms": "^17.0.2",
        "@angular/platform-browser": "^17.0.2",
        "@angular/platform-browser-dynamic": "^17.0.2",
        "@angular/router": "^17.0.2",
        "@capacitor/app": "5.0.6",
        "@capacitor/core": "5.6.0",
        "@capacitor/haptics": "5.0.6",
        "@capacitor/keyboard": "5.0.7",
        "@capacitor/status-bar": "5.0.6",
        "@ionic-native/in-app-browser": "^5.36.0",
        "@ionic/angular": "^7.0.0",
        "cordova-plugin-inappbrowser": "^6.0.0",
        "ionicons": "^7.0.0",
        "rxjs": "^6.6.7",
        "tslib": "^2.3.0",
        "zone.js": "~0.14.2"
      },
      "devDependencies": {}
    },
    "node_modules/@angular/animations": {
      "version": "17.1.1",
      "resolved": "https://registry.npmjs.org/@angular/animations/-/animations-17.1.1.tgz",
      "integrity": "sha512-85qm8b4fNKa5zx4YlvCvAb3lWGlRsEcClnpCuwSVP8pXG7n/cW8MsJOh8i/wOkQTr9Ac7vvAE+yFWMi2A/qlTg==",
      "dependencies": {
        "tslib": "^2.3.0"
      },
      "engines": {
        "node": "^18.13.0 || >=20.9.0"
      },
      "peerDependencies": {
        "@angular/core": "17.1.1"
      }
    },
    "node_modules/@angular/common": {
      "version": "17.1.1",
      "resolved": "https://registry.npmjs.org/@angular/common/-/common-17.1.1.tgz",
      "integrity": "sha512-YMM2vImWJg7H3Yaej7ncGpFKT28V2Y6X9/rLpRdSKAiUbcbj7GeWtX/upfZGR9KmD08baYZw0YTNMR03Ubv/mg==",
      "dependencies": {
        "tslib": "^2.3.0"
      },
      "engines": {
        "node": "^18.13.0 || >=20.9.0"
      },
      "peerDependencies": {
        "@angular/core": "17.1.1",
        "rxjs": "^6.5.3 || ^7.4.0"
      }
    },
    "node_modules/@angular/compiler": {
      "version": "17.1.1",
      "resolved": "https://registry.npmjs.org/@angular/compiler/-/compiler-17.1.1.tgz",
      "integrity": "sha512-lEQ5YNMJQm2iO2EZbGkwL3SqnxtE2ENfymgbS023F6ACsnP3kKB2DMwOnIbGgQY4+8r4sJFiMAIjEkj5c9kttg==",
      "dependencies": {
        "tslib": "^2.3.0"
      },
      "engines": {
        "node": "^18.13.0 || >=20.9.0"
      },
      "peerDependencies": {
        "@angular/core": "17.1.1"
      },
      "peerDependenciesMeta": {
        "@angular/core": {
          "optional": true
        }
      }
    },
    "node_modules/@angular/core": {
      "version": "17.1.1",
      "resolved": "https://registry.npmjs.org/@angular/core/-/core-17.1.1.tgz",
      "integrity": "sha512-JtNYM9eHr8eUSrGPq/kn0+/F+TSZ7EBWxZhM1ZndOlGu1gA4fGhrDid4ZXIHIs07DbM4NZjMn+LhRyx02YDsSA==",
      "dependencies": {
        "tslib": "^2.3.0"
      },
      "engines": {
        "node": "^18.13.0 || >=20.9.0"
      },
      "peerDependencies": {
        "rxjs": "^6.5.3 || ^7.4.0",
        "zone.js": "~0.14.0"
      }
    },
    "node_modules/@angular/forms": {
      "version": "17.1.1",
      "resolved": "https://registry.npmjs.org/@angular/forms/-/forms-17.1.1.tgz",
      "integrity": "sha512-rqHVzaJDV8+VbnfC6mDgzX6ooa0X0hmnd+XfuOZaEJ7MtyOmqQ8qas2PAKXU7nMIImYXfYc4O4XWbSc1pRy1Hw==",
      "dependencies": {
        "tslib": "^2.3.0"
      },
      "engines": {
        "node": "^18.13.0 || >=20.9.0"
      },
      "peerDependencies": {
        "@angular/common": "17.1.1",
        "@angular/core": "17.1.1",
        "@angular/platform-browser": "17.1.1",
        "rxjs": "^6.5.3 || ^7.4.0"
      }
    },
    "node_modules/@angular/platform-browser": {
      "version": "17.1.1",
      "resolved": "https://registry.npmjs.org/@angular/platform-browser/-/platform-browser-17.1.1.tgz",
      "integrity": "sha512-/80znuEkdDvsF6EX/fe03isQlLCUS9+ldCgB4n0ZL+qAkf2/lJlU3n97SyEN7rzb189U+K1fDe0fb1nDwbbcWQ==",
      "dependencies": {
        "tslib": "^2.3.0"
      },
      "engines": {
        "node": "^18.13.0 || >=20.9.0"
      },
      "peerDependencies": {
        "@angular/animations": "17.1.1",
        "@angular/common": "17.1.1",
        "@angular/core": "17.1.1"
      },
      "peerDependenciesMeta": {
        "@angular/animations": {
          "optional": true
        }
      }
    },
    "node_modules/@angular/platform-browser-dynamic": {
      "version": "17.1.1",
      "resolved": "https://registry.npmjs.org/@angular/platform-browser-dynamic/-/platform-browser-dynamic-17.1.1.tgz",
      "integrity": "sha512-UKI8966nwo+p01EjmQdkepLIeVLpPZTSDZAM4va7CfMO6lbCN5xFecDd/sVbut8J6ySIsbJxyDkP+SHMQjE+xg==",
      "dependencies": {
        "tslib": "^2.3.0"
      },
      "engines": {
        "node": "^18.13.0 || >=20.9.0"
      },
      "peerDependencies": {
        "@angular/common": "17.1.1",
        "@angular/compiler": "17.1.1",
        "@angular/core": "17.1.1",
        "@angular/platform-browser": "17.1.1"
      }
    },
    "node_modules/@angular/router": {
      "version": "17.1.1",
      "resolved": "https://registry.npmjs.org/@angular/router/-/router-17.1.1.tgz",
      "integrity": "sha512-pPIRX0v8agij2dRSU25iwj9qFy0S25cztsy7bGfZ+M510jwRCqu1JsitqXtQ85XSv/bdFqiNiFU0UbwVFl+QiQ==",
      "dependencies": {
        "tslib": "^2.3.0"
      },
      "engines": {
        "node": "^18.13.0 || >=20.9.0"
      },
      "peerDependencies": {
        "@angular/common": "17.1.1",
        "@angular/core": "17.1.1",
        "@angular/platform-browser": "17.1.1",
        "rxjs": "^6.5.3 || ^7.4.0"
      }
    },
    "node_modules/@capacitor/app": {
      "version": "5.0.6",
      "resolved": "https://registry.npmjs.org/@capacitor/app/-/app-5.0.6.tgz",
      "integrity": "sha512-6ZXVdnNmaYILasC/RjQw+yfTmq2ZO7Q3v5lFcDVfq3PFGnybyYQh+RstBrYri+376OmXOXxBD7E6UxBhrMzXGA==",
      "peerDependencies": {
        "@capacitor/core": "^5.0.0"
      }
    },
    "node_modules/@capacitor/core": {
      "version": "5.6.0",
      "resolved": "https://registry.npmjs.org/@capacitor/core/-/core-5.6.0.tgz",
      "integrity": "sha512-xJhCOUGPHw0QYDA3YH+CmL6qiV9DH4Ij3yPxSenymjrtLuXI197u9ddCZwGEwgVIkh9kGZBBKzsNkn89SZ2gdQ==",
      "dependencies": {
        "tslib": "^2.1.0"
      }
    },
    "node_modules/@capacitor/haptics": {
      "version": "5.0.6",
      "resolved": "https://registry.npmjs.org/@capacitor/haptics/-/haptics-5.0.6.tgz",
      "integrity": "sha512-UrMcR7p2X10ql4VLlowUuH/VckTeu0lj+RQpekxox14uxDmu5AGIFDK/iDTi8W6QZkxTJRZK6sbCjgwYgNJ7Pw==",
      "peerDependencies": {
        "@capacitor/core": "^5.0.0"
      }
    },
    "node_modules/@capacitor/keyboard": {
      "version": "5.0.7",
      "resolved": "https://registry.npmjs.org/@capacitor/keyboard/-/keyboard-5.0.7.tgz",
      "integrity": "sha512-+6lW8z2nXTM2NOG7D7pOasCfIGicz26+EeDRXIj5AtJibbjwtE1Q5GIY+qGHgzpmwOF0qmcrGJBz4zagDwUapg==",
      "peerDependencies": {
        "@capacitor/core": "^5.0.0"
      }
    },
    "node_modules/@capacitor/status-bar": {
      "version": "5.0.6",
      "resolved": "https://registry.npmjs.org/@capacitor/status-bar/-/status-bar-5.0.6.tgz",
      "integrity": "sha512-7od8CxsBnot1XMK3IeOkproFL4hgoKoWAc3pwUvmDOkQsXoxwQm4SR9mLwQavv1XfxtHbFV9Ukd7FwMxOPSViw==",
      "peerDependencies": {
        "@capacitor/core": "^5.0.0"
      }
    },
    "node_modules/@ionic-native/in-app-browser": {
      "version": "5.36.0",
      "resolved": "https://registry.npmjs.org/@ionic-native/in-app-browser/-/in-app-browser-5.36.0.tgz",
      "integrity": "sha512-tX/FBT0jpkgEefZ8iorv5eDKfgP/ExbYr1AWg6okORQ0dwLfXsD5KDJgKHN9GFZvyuLNeaLpC1mN7CvwvLvmgA==",
      "dependencies": {
        "@types/cordova": "latest"
      },
      "peerDependencies": {
        "@ionic-native/core": "^5.1.0",
        "rxjs": "^5.5.0 || ^6.5.0"
      }
    },
    "node_modules/@ionic/angular": {
      "version": "7.6.6",
      "resolved": "https://registry.npmjs.org/@ionic/angular/-/angular-7.6.6.tgz",
      "integrity": "sha512-IuXkDRnmaTpeyBCO7qEcw6Xt9/itIRRf91fU5MOI/cTRwVqOX2QvsktpExeal5aYxJcyp887LCu+zJeyfkslyA==",
      "dependencies": {
        "@ionic/core": "7.6.6",
        "ionicons": "^7.0.0",
        "jsonc-parser": "^3.0.0",
        "tslib": "^2.3.0"
      },
      "peerDependencies": {
        "@angular/core": ">=14.0.0",
        "@angular/forms": ">=14.0.0",
        "@angular/router": ">=14.0.0",
        "rxjs": ">=7.5.0",
        "zone.js": ">=0.11.0"
      }
    },
    "node_modules/@ionic/core": {
      "version": "7.6.6",
      "resolved": "https://registry.npmjs.org/@ionic/core/-/core-7.6.6.tgz",
      "integrity": "sha512-WstnLHiR8ipW2ASdO/eqSwgMHCuVvJE3qsUNPHWkup9f08/bcbKYZpOfaWNLw/ftNqEpFbjiRuocoYYyLP0/gw==",
      "dependencies": {
        "@stencil/core": "^4.10.0",
        "ionicons": "^7.2.2",
        "tslib": "^2.1.0"
      }
    },
    "node_modules/@stencil/core": {
      "version": "4.11.0",
      "resolved": "https://registry.npmjs.org/@stencil/core/-/core-4.11.0.tgz",
      "integrity": "sha512-zsKhgIkTGo+s7IthitxR/MKiMS3Ck1yIypOdXr0aE6ofboKqe9NdffTcxZ0vel0wD2bZYOb6WfPMzuhRKk6+FA==",
      "bin": {
        "stencil": "bin/stencil"
      },
      "engines": {
        "node": ">=16.0.0",
        "npm": ">=7.10.0"
      }
    },
    "node_modules/@types/cordova": {
      "version": "11.0.3",
      "resolved": "https://registry.npmjs.org/@types/cordova/-/cordova-11.0.3.tgz",
      "integrity": "sha512-kyuRQ40/NWQVhqGIHq78Ehu2Bf9Mlg0LhmSmis6ZFJK7z933FRfYi8tHe/k/0fB+PGfCf95rJC6TO7dopaFvAg=="
    },
    "node_modules/cordova-plugin-inappbrowser": {
      "version": "6.0.0",
      "resolved": "https://registry.npmjs.org/cordova-plugin-inappbrowser/-/cordova-plugin-inappbrowser-6.0.0.tgz",
      "integrity": "sha512-nMJ67YQZwkx1WMfA4tKFdVdTg6FNkh/nQflP1uMw0RVe/cP2kfDrO3SbpUr8yKahpWdSQl1Lmd8D3KKzuAjucA==",
      "engines": {
        "cordovaDependencies": {
          "0.2.3": {
            "cordova": ">=3.1.0"
          },
          "4.0.0": {
            "cordova": ">=3.1.0",
            "cordova-ios": ">=4.0.0"
          },
          "5.0.0": {
            "cordova": ">=9.0.0",
            "cordova-android": ">=9.0.0",
            "cordova-ios": ">=6.0.0"
          },
          "6.0.0": {
            "cordova": ">=9.0.0",
            "cordova-android": ">=10.0.0",
            "cordova-ios": ">=6.0.0"
          },
          "7.0.0": {
            "cordova": ">100"
          }
        }
      }
    },
    "node_modules/ionicons": {
      "version": "7.2.2",
      "resolved": "https://registry.npmjs.org/ionicons/-/ionicons-7.2.2.tgz",
      "integrity": "sha512-I3iYIfc9Q9FRifWyFSwTAvbEABWlWY32i0sAVDDPGYnaIZVugkLCZFbEcrphW6ixVPg8tt1oLwalo/JJwbEqnA==",
      "dependencies": {
        "@stencil/core": "^4.0.3"
      }
    },
    "node_modules/jsonc-parser": {
      "version": "3.2.0",
      "resolved": "https://registry.npmjs.org/jsonc-parser/-/jsonc-parser-3.2.0.tgz",
      "integrity": "sha512-gfFQZrcTc8CnKXp6Y4/CBT3fTc0OVuDofpre4aEeEpSBPV5X5v4+Vmx+8snU7RLPrNHPKSgLxGo9YuQzz20o+w=="
    },
    "node_modules/rxjs": {
      "version": "6.6.7",
      "resolved": "https://registry.npmjs.org/rxjs/-/rxjs-6.6.7.tgz",
      "integrity": "sha512-hTdwr+7yYNIT5n4AMYp85KA6yw2Va0FLa3Rguvbpa4W3I5xynaBZo41cM3XM+4Q6fRMj3sBYIR1VAmZMXYJvRQ==",
      "dependencies": {
        "tslib": "^1.9.0"
      },
      "engines": {
        "npm": ">=2.0.0"
      }
    },
    "node_modules/rxjs/node_modules/tslib": {
      "version": "1.14.1",
      "resolved": "https://registry.npmjs.org/tslib/-/tslib-1.14.1.tgz",
      "integrity": "sha512-Xni35NKzjgMrwevysHTCArtLDpPvye8zV/0E4EyYn43P7/7qvQwPh9BGkHewbMulVntbigmcT7rdX3BNo9wRJg=="
    },
    "node_modules/tslib": {
      "version": "2.6.2",
      "resolved": "https://registry.npmjs.org/tslib/-/tslib-2.6.2.tgz",
      "integrity": "sha512-AEYxH93jGFPn/a2iVAwW87VuUIkR1FVUKB77NwMF7nBTDkDrrT/Hpt/IrCJ0QXhW27jTBDcf5ZY7w6RiqTMw2Q=="
    },
    "node_modules/zone.js": {
      "version": "0.14.3",
      "resolved": "https://registry.npmjs.org/zone.js/-/zone.js-0.14.3.tgz",
      "integrity": "sha512-jYoNqF046Q+JfcZSItRSt+oXFcpXL88yq7XAZjb/NKTS7w2hHpKjRJ3VlFD1k75wMaRRXNUt5vrZVlygiMyHbA==",
      "dependencies": {
        "tslib": "^2.3.0"
      }
    }
  }
}
